
Microsoft Visual Studio Solution File, Format Version 12.00
# Visual Studio 15
VisualStudioVersion = 15.0.26430.6
MinimumVisualStudioVersion = 10.0.40219.1
Project("{E24C65DC-7377-472B-9ABA-BC803B73C61A}") = "PhoneBookClient", "..\..\WebSites\PhoneBookClient\", "{C672CD00-DA2B-4F1C-997C-6ABEE48647F5}"
	ProjectSection(WebsiteProperties) = preProject
		TargetFrameworkMoniker = ".NETFramework,Version%3Dv4.6.1"
		Debug.AspNetCompiler.VirtualPath = "/localhost_51592"
		Debug.AspNetCompiler.PhysicalPath = "..\..\WebSites\PhoneBookClient\"
		Debug.AspNetCompiler.TargetPath = "PrecompiledWeb\localhost_51592\"
		Debug.AspNetCompiler.Updateable = "true"
		Debug.AspNetCompiler.ForceOverwrite = "true"
		Debug.AspNetCompiler.FixedNames = "false"
		Debug.AspNetCompiler.Debug = "True"
		Release.AspNetCompiler.VirtualPath = "/localhost_51592"
		Release.AspNetCompiler.PhysicalPath = "..\..\WebSites\PhoneBookClient\"
		Release.AspNetCompiler.TargetPath = "PrecompiledWeb\localhost_51592\"
		Release.AspNetCompiler.Updateable = "true"
		Release.AspNetCompiler.ForceOverwrite = "true"
		Release.AspNetCompiler.FixedNames = "false"
		Release.AspNetCompiler.Debug = "False"
		VWDPort = "51592"
		SlnRelativePath = "..\..\WebSites\PhoneBookClient\"
		DefaultWebSiteLanguage = "Visual C#"
	EndProjectSection
EndProject
Global
	GlobalSection(SolutionConfigurationPlatforms) = preSolution
		Debug|Any CPU = Debug|Any CPU
	EndGlobalSection
	GlobalSection(ProjectConfigurationPlatforms) = postSolution
		{C672CD00-DA2B-4F1C-997C-6ABEE48647F5}.Debug|Any CPU.ActiveCfg = Debug|Any CPU
		{C672CD00-DA2B-4F1C-997C-6ABEE48647F5}.Debug|Any CPU.Build.0 = Debug|Any CPU
	EndGlobalSection
	GlobalSection(SolutionProperties) = preSolution
		HideSolutionNode = FALSE
	EndGlobalSection
EndGlobal
